
Microsoft Visual Studio Solution File, Format Version 12.00
# Visual Studio Version 17
VisualStudioVersion = 17.3.32929.385
MinimumVisualStudioVersion = 10.0.40219.1
Project("{9A19103F-16F7-4668-BE54-9A1E7A4F7556}") = "firstapplication", "firstapplication\firstapplication.csproj", "{3A9D48F7-E94E-4A7E-A13F-5C1B7996B26F}"
EndProject
Project("{FAE04EC0-301F-11D3-BF4B-00C04F79EFBC}") = "Accessmodifier2", "Accessmodifier2\Accessmodifier2.csproj", "{777D228D-6912-43C4-A247-9E5782AA0EC6}"
EndProject
Global
	GlobalSection(SolutionConfigurationPlatforms) = preSolution
		Debug|Any CPU = Debug|Any CPU
		Release|Any CPU = Release|Any CPU
	EndGlobalSection
	GlobalSection(ProjectConfigurationPlatforms) = postSolution
		{3A9D48F7-E94E-4A7E-A13F-5C1B7996B26F}.Debug|Any CPU.ActiveCfg = Debug|Any CPU
		{3A9D48F7-E94E-4A7E-A13F-5C1B7996B26F}.Debug|Any CPU.Build.0 = Debug|Any CPU
		{3A9D48F7-E94E-4A7E-A13F-5C1B7996B26F}.Release|Any CPU.ActiveCfg = Release|Any CPU
		{3A9D48F7-E94E-4A7E-A13F-5C1B7996B26F}.Release|Any CPU.Build.0 = Release|Any CPU
		{777D228D-6912-43C4-A247-9E5782AA0EC6}.Debug|Any CPU.ActiveCfg = Debug|Any CPU
		{777D228D-6912-43C4-A247-9E5782AA0EC6}.Debug|Any CPU.Build.0 = Debug|Any CPU
		{777D228D-6912-43C4-A247-9E5782AA0EC6}.Release|Any CPU.ActiveCfg = Release|Any CPU
		{777D228D-6912-43C4-A247-9E5782AA0EC6}.Release|Any CPU.Build.0 = Release|Any CPU
	EndGlobalSection
	GlobalSection(SolutionProperties) = preSolution
		HideSolutionNode = FALSE
	EndGlobalSection
	GlobalSection(ExtensibilityGlobals) = postSolution
		SolutionGuid = {857B9B5D-A07D-4859-8374-33BE7896E5E8}
	EndGlobalSection
EndGlobal
